
Microsoft Visual Studio Solution File, Format Version 12.00
# Visual Studio 2013
VisualStudioVersion = 12.0.21005.1
MinimumVisualStudioVersion = 10.0.40219.1
Project("{FAE04EC0-301F-11D3-BF4B-00C04F79EFBC}") = "3layer_cms", "3layer_cms\3layer_cms.csproj", "{FAECD523-ECBF-43C9-8FB6-361C01E27664}"
EndProject
Project("{FAE04EC0-301F-11D3-BF4B-00C04F79EFBC}") = "bussinessObject", "bussinessObject\bussinessObject.csproj", "{8C99C229-2106-4B0E-8596-D6B1823AA0FD}"
EndProject
Project("{FAE04EC0-301F-11D3-BF4B-00C04F79EFBC}") = "bussinessLogic", "bussinessLogic\bussinessLogic.csproj", "{63B0B6D7-D74F-434D-B748-90704B1A3BB0}"
EndProject
Project("{FAE04EC0-301F-11D3-BF4B-00C04F79EFBC}") = "Data Access Layer", "Data Access Layer\Data Access Layer.csproj", "{CD6D13B8-40CA-4351-B42C-A21231C302CC}"
EndProject
Global
	GlobalSection(SolutionConfigurationPlatforms) = preSolution
		Debug|Any CPU = Debug|Any CPU
		Release|Any CPU = Release|Any CPU
	EndGlobalSection
	GlobalSection(ProjectConfigurationPlatforms) = postSolution
		{FAECD523-ECBF-43C9-8FB6-361C01E27664}.Debug|Any CPU.ActiveCfg = Debug|Any CPU
		{FAECD523-ECBF-43C9-8FB6-361C01E27664}.Debug|Any CPU.Build.0 = Debug|Any CPU
		{FAECD523-ECBF-43C9-8FB6-361C01E27664}.Release|Any CPU.ActiveCfg = Release|Any CPU
		{FAECD523-ECBF-43C9-8FB6-361C01E27664}.Release|Any CPU.Build.0 = Release|Any CPU
		{8C99C229-2106-4B0E-8596-D6B1823AA0FD}.Debug|Any CPU.ActiveCfg = Debug|Any CPU
		{8C99C229-2106-4B0E-8596-D6B1823AA0FD}.Debug|Any CPU.Build.0 = Debug|Any CPU
		{8C99C229-2106-4B0E-8596-D6B1823AA0FD}.Release|Any CPU.ActiveCfg = Release|Any CPU
		{8C99C229-2106-4B0E-8596-D6B1823AA0FD}.Release|Any CPU.Build.0 = Release|Any CPU
		{63B0B6D7-D74F-434D-B748-90704B1A3BB0}.Debug|Any CPU.ActiveCfg = Debug|Any CPU
		{63B0B6D7-D74F-434D-B748-90704B1A3BB0}.Debug|Any CPU.Build.0 = Debug|Any CPU
		{63B0B6D7-D74F-434D-B748-90704B1A3BB0}.Release|Any CPU.ActiveCfg = Release|Any CPU
		{63B0B6D7-D74F-434D-B748-90704B1A3BB0}.Release|Any CPU.Build.0 = Release|Any CPU
		{CD6D13B8-40CA-4351-B42C-A21231C302CC}.Debug|Any CPU.ActiveCfg = Debug|Any CPU
		{CD6D13B8-40CA-4351-B42C-A21231C302CC}.Debug|Any CPU.Build.0 = Debug|Any CPU
		{CD6D13B8-40CA-4351-B42C-A21231C302CC}.Release|Any CPU.ActiveCfg = Release|Any CPU
		{CD6D13B8-40CA-4351-B42C-A21231C302CC}.Release|Any CPU.Build.0 = Release|Any CPU
	EndGlobalSection
	GlobalSection(SolutionProperties) = preSolution
		HideSolutionNode = FALSE
	EndGlobalSection
EndGlobal
